Microsoft Visual Studio Solution File, Format Version 12.00
# Visual Studio Version 17
VisualStudioVersion = 17.5.2.0
MinimumVisualStudioVersion = 10.0.40219.1
Project("{FAE04EC0-301F-11D3-BF4B-00C04F79EFBC}") = "TeamManage", "TeamManage.csproj", "{F8DD8209-43A3-E9BE-641E-531E3F80C260}"
EndProject
Global
	GlobalSection(SolutionConfigurationPlatforms) = preSolution
		Debug|Any CPU = Debug|Any CPU
		Release|Any CPU = Release|Any CPU
	EndGlobalSection
	GlobalSection(ProjectConfigurationPlatforms) = postSolution
		{F8DD8209-43A3-E9BE-641E-531E3F80C260}.Debug|Any CPU.ActiveCfg = Debug|Any CPU
		{F8DD8209-43A3-E9BE-641E-531E3F80C260}.Debug|Any CPU.Build.0 = Debug|Any CPU
		{F8DD8209-43A3-E9BE-641E-531E3F80C260}.Release|Any CPU.ActiveCfg = Release|Any CPU
		{F8DD8209-43A3-E9BE-641E-531E3F80C260}.Release|Any CPU.Build.0 = Release|Any CPU
	EndGlobalSection
	GlobalSection(SolutionProperties) = preSolution
		HideSolutionNode = FALSE
	EndGlobalSection
	GlobalSection(ExtensibilityGlobals) = postSolution
		SolutionGuid = {68B16A38-40C0-4066-B30A-7E8F857911CB}
	EndGlobalSection
EndGlobal
